// !$*UTF8*$!
{
	archiveVersion = 1;
	classes = {
	};
	objectVersion = 46;
	objects = {

/* Begin PBXBuildFile section */
		AD1DC739158F876300832A69 /* Hintergrund---linear-equati.png in Resources */ = {isa = PBXBuildFile; fileRef = AD1DC738158F876300832A69 /* Hintergrund---linear-equati.png */; };
		AD1DC74E1590FBD200832A69 /* ProcessViewController.m in Sources */ = {isa = PBXBuildFile; fileRef = AD1DC74D1590FBD200832A69 /* ProcessViewController.m */; };
		AD568E451697822E003BBD5A /* ProzenteViewController.m in Sources */ = {isa = PBXBuildFile; fileRef = AD568E441697822E003BBD5A /* ProzenteViewController.m */; };
		AD568E481699C13F003BBD5A /* iAd.framework in Frameworks */ = {isa = PBXBuildFile; fileRef = AD568E471699C13E003BBD5A /* iAd.framework */; };
		AD65181215A205A80049339F /* TriangleViewController.m in Sources */ = {isa = PBXBuildFile; fileRef = AD65181115A205A80049339F /* TriangleViewController.m */; };
		ADB16EC216A3376900698CC9 /* MainStoryboard_4.storyboard in Resources */ = {isa = PBXBuildFile; fileRef = ADB16EC016A3376900698CC9 /* MainStoryboard_4.storyboard */; };
		ADC05BC91612014600C902E2 /* HomeViewController.m in Sources */ = {isa = PBXBuildFile; fileRef = ADC05BC81612014500C902E2 /* HomeViewController.m */; };
		ADC05BCC161210E700C902E2 /* Default-568h@2x.png in Resources */ = {isa = PBXBuildFile; fileRef = ADC05BCB161210E700C902E2 /* Default-568h@2x.png */; };
		ADC801CA158B61E0006EB5ED /* UIKit.framework in Frameworks */ = {isa = PBXBuildFile; fileRef = ADC801C9158B61E0006EB5ED /* UIKit.framework */; };
		ADC801CC158B61E0006EB5ED /* Foundation.framework in Frameworks */ = {isa = PBXBuildFile; fileRef = ADC801CB158B61E0006EB5ED /* Foundation.framework */; };
		ADC801CE158B61E0006EB5ED /* CoreGraphics.framework in Frameworks */ = {isa = PBXBuildFile; fileRef = ADC801CD158B61E0006EB5ED /* CoreGraphics.framework */; };
		ADC801D4158B61E0006EB5ED /* InfoPlist.strings in Resources */ = {isa = PBXBuildFile; fileRef = ADC801D2158B61E0006EB5ED /* InfoPlist.strings */; };
		ADC801D6158B61E0006EB5ED /* main.m in Sources */ = {isa = PBXBuildFile; fileRef = ADC801D5158B61E0006EB5ED /* main.m */; };
		ADC801DA158B61E0006EB5ED /* AppDelegate.m in Sources */ = {isa = PBXBuildFile; fileRef = ADC801D9158B61E0006EB5ED /* AppDelegate.m */; };
		ADC801DD158B61E0006EB5ED /* MainStoryboard.storyboard in Resources */ = {isa = PBXBuildFile; fileRef = ADC801DB158B61E0006EB5ED /* MainStoryboard.storyboard */; };
		ADC801E0158B61E0006EB5ED /* ViewController.m in Sources */ = {isa = PBXBuildFile; fileRef = ADC801DF158B61E0006EB5ED /* ViewController.m */; };
		ADC801E8158B6F22006EB5ED /* FlipSiteViewController.m in Sources */ = {isa = PBXBuildFile; fileRef = ADC801E7158B6F22006EB5ED /* FlipSiteViewController.m */; };
		ADFD8F1A161A371600FC974A /* mathmatix_Logo1.png in Resources */ = {isa = PBXBuildFile; fileRef = ADFD8F19161A371600FC974A /* mathmatix_Logo1.png */; };
		ADFF9FEF16503E8E001D2A44 /* QuadratischViewController.m in Sources */ = {isa = PBXBuildFile; fileRef = ADFF9FEE16503E8E001D2A44 /* QuadratischViewController.m */; };
		ADFF9FF21652786B001D2A44 /* mathmatix_Logo2.png in Resources */ = {isa = PBXBuildFile; fileRef = ADFF9FF11652786B001D2A44 /* mathmatix_Logo2.png */; };
		ADFF9FF416527876001D2A44 /* Default@2x.png in Resources */ = {isa = PBXBuildFile; fileRef = ADFF9FF316527876001D2A44 /* Default@2x.png */; };
		ADFF9FF61652787F001D2A44 /* Default.png in Resources */ = {isa = PBXBuildFile; fileRef = ADFF9FF51652787F001D2A44 /* Default.png */; };
		ADFFA006165284F1001D2A44 /* mathmatix_icon_1_1.png in Resources */ = {isa = PBXBuildFile; fileRef = ADFFA005165284F1001D2A44 /* mathmatix_icon_1_1.png */; };
		ADFFA008165284FA001D2A44 /* mathmatix_icon_2_1.png in Resources */ = {isa = PBXBuildFile; fileRef = ADFFA007165284FA001D2A44 /* mathmatix_icon_2_1.png */; };
/* End PBXBuildFile section */

/* Begin PBXFileReference section */
		AD1DC738158F876300832A69 /* Hintergrund---linear-equati.png */ = {isa = PBXFileReference; lastKnownFileType = image.png; name = "Hintergrund---linear-equati.png"; path = "../Hintergrund---linear-equati.png"; sourceTree = "<group>"; };
		AD1DC73A158F8FC400832A69 /* de */ = {isa = PBXFileReference; lastKnownFileType = file.storyboard; name = de; path = de.lproj/MainStoryboard.storyboard; sourceTree = "<group>"; };
		AD1DC73B158F8FC400832A69 /* de */ = {isa = PBXFileReference; lastKnownFileType = text.plist.strings; name = de; path = de.lproj/InfoPlist.strings; sourceTree = "<group>"; };
		AD1DC74C1590FBD200832A69 /* ProcessViewController.h */ = {isa = PBXFileReference; fileEncoding = 4; lastKnownFileType = sourcecode.c.h; path = ProcessViewController.h; sourceTree = "<group>"; };
		AD1DC74D1590FBD200832A69 /* ProcessViewController.m */ = {isa = PBXFileReference; fileEncoding = 4; lastKnownFileType = sourcecode.c.objc; path = ProcessViewController.m; sourceTree = "<group>"; };
		AD568E431697822E003BBD5A /* ProzenteViewController.h */ = {isa = PBXFileReference; fileEncoding = 4; lastKnownFileType = sourcecode.c.h; path = ProzenteViewController.h; sourceTree = "<group>"; };
		AD568E441697822E003BBD5A /* ProzenteViewController.m */ = {isa = PBXFileReference; fileEncoding = 4; lastKnownFileType = sourcecode.c.objc; path = ProzenteViewController.m; sourceTree = "<group>"; };
		AD568E471699C13E003BBD5A /* iAd.framework */ = {isa = PBXFileReference; lastKnownFileType = wrapper.framework; name = iAd.framework; path = System/Library/Frameworks/iAd.framework; sourceTree = SDKROOT; };
		AD65181015A205A80049339F /* TriangleViewController.h */ = {isa = PBXFileReference; fileEncoding = 4; lastKnownFileType = sourcecode.c.h; path = TriangleViewController.h; sourceTree = "<group>"; };
		AD65181115A205A80049339F /* TriangleViewController.m */ = {isa = PBXFileReference; fileEncoding = 4; lastKnownFileType = sourcecode.c.objc; path = TriangleViewController.m; sourceTree = "<group>"; };
		ADB16EC116A3376900698CC9 /* de */ = {isa = PBXFileReference; lastKnownFileType = file.storyboard; name = de; path = de.lproj/MainStoryboard_4.storyboard; sourceTree = "<group>"; };
		ADC05BC71612014500C902E2 /* HomeViewController.h */ = {isa = PBXFileReference; fileEncoding = 4; lastKnownFileType = sourcecode.c.h; path = HomeViewController.h; sourceTree = "<group>"; };
		ADC05BC81612014500C902E2 /* HomeViewController.m */ = {isa = PBXFileReference; fileEncoding = 4; lastKnownFileType = sourcecode.c.objc; path = HomeViewController.m; sourceTree = "<group>"; };
		ADC05BCB161210E700C902E2 /* Default-568h@2x.png */ = {isa = PBXFileReference; lastKnownFileType = image.png; name = "Default-568h@2x.png"; path = "../Default-568h@2x.png"; sourceTree = "<group>"; };
		ADC801C5158B61E0006EB5ED /* mathmatix.app */ = {isa = PBXFileReference; explicitFileType = wrapper.application; includeInIndex = 0; path = mathmatix.app; sourceTree = BUILT_PRODUCTS_DIR; };
		ADC801C9158B61E0006EB5ED /* UIKit.framework */ = {isa = PBXFileReference; lastKnownFileType = wrapper.framework; name = UIKit.framework; path = System/Library/Frameworks/UIKit.framework; sourceTree = SDKROOT; };
		ADC801CB158B61E0006EB5ED /* Foundation.framework */ = {isa = PBXFileReference; lastKnownFileType = wrapper.framework; name = Foundation.framework; path = System/Library/Frameworks/Foundation.framework; sourceTree = SDKROOT; };
		ADC801CD158B61E0006EB5ED /* CoreGraphics.framework */ = {isa = PBXFileReference; lastKnownFileType = wrapper.framework; name = CoreGraphics.framework; path = System/Library/Frameworks/CoreGraphics.framework; sourceTree = SDKROOT; };
		ADC801D1158B61E0006EB5ED /* linear equation-Info.plist */ = {isa = PBXFileReference; lastKnownFileType = text.plist.xml; path = "linear equation-Info.plist"; sourceTree = "<group>"; };
		ADC801D5158B61E0006EB5ED /* main.m */ = {isa = PBXFileReference; lastKnownFileType = sourcecode.c.objc; path = main.m; sourceTree = "<group>"; };
		ADC801D7158B61E0006EB5ED /* linear equation-Prefix.pch */ = {isa = PBXFileReference; lastKnownFileType = sourcecode.c.h; path = "linear equation-Prefix.pch"; sourceTree = "<group>"; };
		ADC801D8158B61E0006EB5ED /* AppDelegate.h */ = {isa = PBXFileReference; lastKnownFileType = sourcecode.c.h; path = AppDelegate.h; sourceTree = "<group>"; };
		ADC801D9158B61E0006EB5ED /* AppDelegate.m */ = {isa = PBXFileReference; lastKnownFileType = sourcecode.c.objc; path = AppDelegate.m; sourceTree = "<group>"; };
		ADC801DE158B61E0006EB5ED /* ViewController.h */ = {isa = PBXFileReference; lastKnownFileType = sourcecode.c.h; path = ViewController.h; sourceTree = "<group>"; };
		ADC801DF158B61E0006EB5ED /* ViewController.m */ = {isa = PBXFileReference; lastKnownFileType = sourcecode.c.objc; path = ViewController.m; sourceTree = "<group>"; };
		ADC801E6158B6F22006EB5ED /* FlipSiteViewController.h */ = {isa = PBXFileReference; fileEncoding = 4; lastKnownFileType = sourcecode.c.h; path = FlipSiteViewController.h; sourceTree = "<group>"; };
		ADC801E7158B6F22006EB5ED /* FlipSiteViewController.m */ = {isa = PBXFileReference; fileEncoding = 4; lastKnownFileType = sourcecode.c.objc; path = FlipSiteViewController.m; sourceTree = "<group>"; };
		ADFD8F19161A371600FC974A /* mathmatix_Logo1.png */ = {isa = PBXFileReference; lastKnownFileType = image.png; name = mathmatix_Logo1.png; path = ../mathmatix_Logo1.png; sourceTree = "<group>"; };
		ADFF9FED16503E8E001D2A44 /* QuadratischViewController.h */ = {isa = PBXFileReference; fileEncoding = 4; lastKnownFileType = sourcecode.c.h; path = QuadratischViewController.h; sourceTree = "<group>"; };
		ADFF9FEE16503E8E001D2A44 /* QuadratischViewController.m */ = {isa = PBXFileReference; fileEncoding = 4; lastKnownFileType = sourcecode.c.objc; path = QuadratischViewController.m; sourceTree = "<group>"; };
		ADFF9FF11652786B001D2A44 /* mathmatix_Logo2.png */ = {isa = PBXFileReference; lastKnownFileType = image.png; name = mathmatix_Logo2.png; path = ../mathmatix_Logo2.png; sourceTree = "<group>"; };
		ADFF9FF316527876001D2A44 /* Default@2x.png */ = {isa = PBXFileReference; lastKnownFileType = image.png; name = "Default@2x.png"; path = "../Default@2x.png"; sourceTree = "<group>"; };
		ADFF9FF51652787F001D2A44 /* Default.png */ = {isa = PBXFileReference; lastKnownFileType = image.png; name = Default.png; path = ../Default.png; sourceTree = "<group>"; };
		ADFFA005165284F1001D2A44 /* mathmatix_icon_1_1.png */ = {isa = PBXFileReference; lastKnownFileType = image.png; name = mathmatix_icon_1_1.png; path = ../mathmatix_icon_1_1.png; sourceTree = "<group>"; };
		ADFFA007165284FA001D2A44 /* mathmatix_icon_2_1.png */ = {isa = PBXFileReference; lastKnownFileType = image.png; name = mathmatix_icon_2_1.png; path = ../mathmatix_icon_2_1.png; sourceTree = "<group>"; };
/* End PBXFileReference section */

/* Begin PBXFrameworksBuildPhase section */
		ADC801C2158B61E0006EB5ED /* Frameworks */ = {
			isa = PBXFrameworksBuildPhase;
			buildActionMask = 2147483647;
			files = (
				AD568E481699C13F003BBD5A /* iAd.framework in Frameworks */,
				ADC801CA158B61E0006EB5ED /* UIKit.framework in Frameworks */,
				ADC801CC158B61E0006EB5ED /* Foundation.framework in Frameworks */,
				ADC801CE158B61E0006EB5ED /* CoreGraphics.framework in Frameworks */,
			);
			runOnlyForDeploymentPostprocessing = 0;
		};
/* End PBXFrameworksBuildPhase section */

/* Begin PBXGroup section */
		ADC801BA158B61E0006EB5ED = {
			isa = PBXGroup;
			children = (
				ADC801CF158B61E0006EB5ED /* linear equation */,
				ADC801C8158B61E0006EB5ED /* Frameworks */,
				ADC801C6158B61E0006EB5ED /* Products */,
			);
			sourceTree = "<group>";
		};
		ADC801C6158B61E0006EB5ED /* Products */ = {
			isa = PBXGroup;
			children = (
				ADC801C5158B61E0006EB5ED /* mathmatix.app */,
			);
			name = Products;
			sourceTree = "<group>";
		};
		ADC801C8158B61E0006EB5ED /* Frameworks */ = {
			isa = PBXGroup;
			children = (
				AD568E471699C13E003BBD5A /* iAd.framework */,
				ADC801C9158B61E0006EB5ED /* UIKit.framework */,
				ADC801CB158B61E0006EB5ED /* Foundation.framework */,
				ADC801CD158B61E0006EB5ED /* CoreGraphics.framework */,
			);
			name = Frameworks;
			sourceTree = "<group>";
		};
		ADC801CF158B61E0006EB5ED /* linear equation */ = {
			isa = PBXGroup;
			children = (
				ADC801D8158B61E0006EB5ED /* AppDelegate.h */,
				ADC801D9158B61E0006EB5ED /* AppDelegate.m */,
				ADB16EC016A3376900698CC9 /* MainStoryboard_4.storyboard */,
				ADC801DB158B61E0006EB5ED /* MainStoryboard.storyboard */,
				ADC05BC71612014500C902E2 /* HomeViewController.h */,
				ADC05BC81612014500C902E2 /* HomeViewController.m */,
				ADC801DE158B61E0006EB5ED /* ViewController.h */,
				ADC801DF158B61E0006EB5ED /* ViewController.m */,
				ADC801E6158B6F22006EB5ED /* FlipSiteViewController.h */,
				ADC801E7158B6F22006EB5ED /* FlipSiteViewController.m */,
				AD1DC74C1590FBD200832A69 /* ProcessViewController.h */,
				AD1DC74D1590FBD200832A69 /* ProcessViewController.m */,
				AD65181015A205A80049339F /* TriangleViewController.h */,
				AD65181115A205A80049339F /* TriangleViewController.m */,
				ADFF9FED16503E8E001D2A44 /* QuadratischViewController.h */,
				ADFF9FEE16503E8E001D2A44 /* QuadratischViewController.m */,
				AD568E431697822E003BBD5A /* ProzenteViewController.h */,
				AD568E441697822E003BBD5A /* ProzenteViewController.m */,
				ADC801D0158B61E0006EB5ED /* Supporting Files */,
			);
			path = "linear equation";
			sourceTree = "<group>";
		};
		ADC801D0158B61E0006EB5ED /* Supporting Files */ = {
			isa = PBXGroup;
			children = (
				ADFF9FF51652787F001D2A44 /* Default.png */,
				ADFF9FF316527876001D2A44 /* Default@2x.png */,
				ADC05BCB161210E700C902E2 /* Default-568h@2x.png */,
				AD1DC738158F876300832A69 /* Hintergrund---linear-equati.png */,
				ADFD8F19161A371600FC974A /* mathmatix_Logo1.png */,
				ADFF9FF11652786B001D2A44 /* mathmatix_Logo2.png */,
				ADFFA005165284F1001D2A44 /* mathmatix_icon_1_1.png */,
				ADFFA007165284FA001D2A44 /* mathmatix_icon_2_1.png */,
				ADC801D1158B61E0006EB5ED /* linear equation-Info.plist */,
				ADC801D2158B61E0006EB5ED /* InfoPlist.strings */,
				ADC801D5158B61E0006EB5ED /* main.m */,
				ADC801D7158B61E0006EB5ED /* linear equation-Prefix.pch */,
			);
			name = "Supporting Files";
			sourceTree = "<group>";
		};
/* End PBXGroup section */

/* Begin PBXNativeTarget section */
		ADC801C4158B61E0006EB5ED /* mathmatix */ = {
			isa = PBXNativeTarget;
			buildConfigurationList = ADC801E3158B61E0006EB5ED /* Build configuration list for PBXNativeTarget "mathmatix" */;
			buildPhases = (
				ADC801C1158B61E0006EB5ED /* Sources */,
				ADC801C2158B61E0006EB5ED /* Frameworks */,
				ADC801C3158B61E0006EB5ED /* Resources */,
			);
			buildRules = (
			);
			dependencies = (
			);
			name = mathmatix;
			productName = "linear equation";
			productReference = ADC801C5158B61E0006EB5ED /* mathmatix.app */;
			productType = "com.apple.product-type.application";
		};
/* End PBXNativeTarget section */

/* Begin PBXProject section */
		ADC801BC158B61E0006EB5ED /* Project object */ = {
			isa = PBXProject;
			attributes = {
				LastUpgradeCheck = 0450;
				ORGANIZATIONNAME = "Alex Wrede";
			};
			buildConfigurationList = ADC801BF158B61E0006EB5ED /* Build configuration list for PBXProject "linear equation" */;
			compatibilityVersion = "Xcode 3.2";
			developmentRegion = English;
			hasScannedForEncodings = 0;
			knownRegions = (
				en,
				de,
				es,
				se,
			);
			mainGroup = ADC801BA158B61E0006EB5ED;
			productRefGroup = ADC801C6158B61E0006EB5ED /* Products */;
			projectDirPath = "";
			projectRoot = "";
			targets = (
				ADC801C4158B61E0006EB5ED /* mathmatix */,
			);
		};
/* End PBXProject section */

/* Begin PBXResourcesBuildPhase section */
		ADC801C3158B61E0006EB5ED /* Resources */ = {
			isa = PBXResourcesBuildPhase;
			buildActionMask = 2147483647;
			files = (
				ADC801D4158B61E0006EB5ED /* InfoPlist.strings in Resources */,
				ADC801DD158B61E0006EB5ED /* MainStoryboard.storyboard in Resources */,
				AD1DC739158F876300832A69 /* Hintergrund---linear-equati.png in Resources */,
				ADC05BCC161210E700C902E2 /* Default-568h@2x.png in Resources */,
				ADFD8F1A161A371600FC974A /* mathmatix_Logo1.png in Resources */,
				ADFF9FF21652786B001D2A44 /* mathmatix_Logo2.png in Resources */,
				ADFF9FF416527876001D2A44 /* Default@2x.png in Resources */,
				ADFF9FF61652787F001D2A44 /* Default.png in Resources */,
				ADFFA006165284F1001D2A44 /* mathmatix_icon_1_1.png in Resources */,
				ADFFA008165284FA001D2A44 /* mathmatix_icon_2_1.png in Resources */,
				ADB16EC216A3376900698CC9 /* MainStoryboard_4.storyboard in Resources */,
			);
			runOnlyForDeploymentPostprocessing = 0;
		};
/* End PBXResourcesBuildPhase section */

/* Begin PBXSourcesBuildPhase section */
		ADC801C1158B61E0006EB5ED /* Sources */ = {
			isa = PBXSourcesBuildPhase;
			buildActionMask = 2147483647;
			files = (
				ADC801D6158B61E0006EB5ED /* main.m in Sources */,
				ADC801DA158B61E0006EB5ED /* AppDelegate.m in Sources */,
				ADC801E0158B61E0006EB5ED /* ViewController.m in Sources */,
				ADC801E8158B6F22006EB5ED /* FlipSiteViewController.m in Sources */,
				AD1DC74E1590FBD200832A69 /* ProcessViewController.m in Sources */,
				AD65181215A205A80049339F /* TriangleViewController.m in Sources */,
				ADC05BC91612014600C902E2 /* HomeViewController.m in Sources */,
				ADFF9FEF16503E8E001D2A44 /* QuadratischViewController.m in Sources */,
				AD568E451697822E003BBD5A /* ProzenteViewController.m in Sources */,
			);
			runOnlyForDeploymentPostprocessing = 0;
		};
/* End PBXSourcesBuildPhase section */

/* Begin PBXVariantGroup section */
		ADB16EC016A3376900698CC9 /* MainStoryboard_4.storyboard */ = {
			isa = PBXVariantGroup;
			children = (
				ADB16EC116A3376900698CC9 /* de */,
			);
			name = MainStoryboard_4.storyboard;
			sourceTree = "<group>";
		};
		ADC801D2158B61E0006EB5ED /* InfoPlist.strings */ = {
			isa = PBXVariantGroup;
			children = (
				AD1DC73B158F8FC400832A69 /* de */,
			);
			name = InfoPlist.strings;
			sourceTree = "<group>";
		};
		ADC801DB158B61E0006EB5ED /* MainStoryboard.storyboard */ = {
			isa = PBXVariantGroup;
			children = (
				AD1DC73A158F8FC400832A69 /* de */,
			);
			name = MainStoryboard.storyboard;
			sourceTree = "<group>";
		};
/* End PBXVariantGroup section */

/* Begin XCBuildConfiguration section */
		ADC801E1158B61E0006EB5ED /* Debug */ = {
			isa = XCBuildConfiguration;
			buildSettings = {
				ALWAYS_SEARCH_USER_PATHS = NO;
				CLANG_CXX_LANGUAGE_STANDARD = "gnu++0x";
				CLANG_ENABLE_OBJC_ARC = YES;
				CLANG_WARN__DUPLICATE_METHOD_MATCH = YES;
				CODE_SIGN_IDENTITY = "iPhone Distribution";
				"CODE_SIGN_IDENTITY[sdk=iphoneos*]" = "iPhone Developer: Eva-Maria Wrede (CV2752T36V)";
				COPY_PHASE_STRIP = NO;
				GCC_C_LANGUAGE_STANDARD = gnu99;
				GCC_DYNAMIC_NO_PIC = NO;
				GCC_OPTIMIZATION_LEVEL = 0;
				GCC_PREPROCESSOR_DEFINITIONS = (
					"DEBUG=1",
					"$(inherited)",
				);
				GCC_SYMBOLS_PRIVATE_EXTERN = NO;
				GCC_WARN_ABOUT_RETURN_TYPE = YES;
				GCC_WARN_UNINITIALIZED_AUTOS = YES;
				GCC_WARN_UNUSED_VARIABLE = YES;
				IPHONEOS_DEPLOYMENT_TARGET = 6.0;
				PROVISIONING_PROFILE = "";
				"PROVISIONING_PROFILE[sdk=iphoneos*]" = "46B3AB82-4FB9-4E61-AF13-E056C84A5AD5";
				SDKROOT = iphoneos;
			};
			name = Debug;
		};
		ADC801E2158B61E0006EB5ED /* Release */ = {
			isa = XCBuildConfiguration;
			buildSettings = {
				ALWAYS_SEARCH_USER_PATHS = NO;
				CLANG_CXX_LANGUAGE_STANDARD = "gnu++0x";
				CLANG_ENABLE_OBJC_ARC = YES;
				CLANG_WARN__DUPLICATE_METHOD_MATCH = YES;
				CODE_SIGN_IDENTITY = "iPhone Distribution";
				"CODE_SIGN_IDENTITY[sdk=iphoneos*]" = "iPhone Developer: Eva-Maria Wrede (CV2752T36V)";
				COPY_PHASE_STRIP = YES;
				GCC_C_LANGUAGE_STANDARD = gnu99;
				GCC_WARN_ABOUT_RETURN_TYPE = YES;
				GCC_WARN_UNINITIALIZED_AUTOS = YES;
				GCC_WARN_UNUSED_VARIABLE = YES;
				IPHONEOS_DEPLOYMENT_TARGET = 6.0;
				OTHER_CFLAGS = "-DNS_BLOCK_ASSERTIONS=1";
				PROVISIONING_PROFILE = "";
				"PROVISIONING_PROFILE[sdk=iphoneos*]" = "46B3AB82-4FB9-4E61-AF13-E056C84A5AD5";
				SDKROOT = iphoneos;
				VALIDATE_PRODUCT = YES;
			};
			name = Release;
		};
		ADC801E4158B61E0006EB5ED /* Debug */ = {
			isa = XCBuildConfiguration;
			buildSettings = {
				GCC_PRECOMPILE_PREFIX_HEADER = YES;
				GCC_PREFIX_HEADER = "linear equation/linear equation-Prefix.pch";
				INFOPLIST_FILE = "linear equation/linear equation-Info.plist";
				IPHONEOS_DEPLOYMENT_TARGET = 5.1;
				PRODUCT_NAME = "$(TARGET_NAME)";
				TARGETED_DEVICE_FAMILY = 1;
				WRAPPER_EXTENSION = app;
			};
			name = Debug;
		};
		ADC801E5158B61E0006EB5ED /* Release */ = {
			isa = XCBuildConfiguration;
			buildSettings = {
				GCC_PRECOMPILE_PREFIX_HEADER = YES;
				GCC_PREFIX_HEADER = "linear equation/linear equation-Prefix.pch";
				INFOPLIST_FILE = "linear equation/linear equation-Info.plist";
				IPHONEOS_DEPLOYMENT_TARGET = 5.1;
				PRODUCT_NAME = "$(TARGET_NAME)";
				TARGETED_DEVICE_FAMILY = 1;
				WRAPPER_EXTENSION = app;
			};
			name = Release;
		};
/* End XCBuildConfiguration section */

/* Begin XCConfigurationList section */
		ADC801BF158B61E0006EB5ED /* Build configuration list for PBXProject "linear equation" */ = {
			isa = XCConfigurationList;
			buildConfigurations = (
				ADC801E1158B61E0006EB5ED /* Debug */,
				ADC801E2158B61E0006EB5ED /* Release */,
			);
			defaultConfigurationIsVisible = 0;
			defaultConfigurationName = Release;
		};
		ADC801E3158B61E0006EB5ED /* Build configuration list for PBXNativeTarget "mathmatix" */ = {
			isa = XCConfigurationList;
			buildConfigurations = (
				ADC801E4158B61E0006EB5ED /* Debug */,
				ADC801E5158B61E0006EB5ED /* Release */,
			);
			defaultConfigurationIsVisible = 0;
			defaultConfigurationName = Release;
		};
/* End XCConfigurationList section */
	};
	rootObject = ADC801BC158B61E0006EB5ED /* Project object */;
}
